
Microsoft Visual Studio Solution File, Format Version 12.00
# Visual Studio Version 16
VisualStudioVersion = 16.0.31005.135
MinimumVisualStudioVersion = 10.0.40219.1
Project("{FAE04EC0-301F-11D3-BF4B-00C04F79EFBC}") = "Lab1(2)", "Lab1(2).csproj", "{C18060D6-D4F1-42AA-80DC-0D44A31CD0F6}"
EndProject
Global
	GlobalSection(SolutionConfigurationPlatforms) = preSolution
		Debug|Any CPU = Debug|Any CPU
		Release|Any CPU = Release|Any CPU
	EndGlobalSection
	GlobalSection(ProjectConfigurationPlatforms) = postSolution
		{C18060D6-D4F1-42AA-80DC-0D44A31CD0F6}.Debug|Any CPU.ActiveCfg = Debug|Any CPU
		{C18060D6-D4F1-42AA-80DC-0D44A31CD0F6}.Debug|Any CPU.Build.0 = Debug|Any CPU
		{C18060D6-D4F1-42AA-80DC-0D44A31CD0F6}.Release|Any CPU.ActiveCfg = Release|Any CPU
		{C18060D6-D4F1-42AA-80DC-0D44A31CD0F6}.Release|Any CPU.Build.0 = Release|Any CPU
	EndGlobalSection
	GlobalSection(SolutionProperties) = preSolution
		HideSolutionNode = FALSE
	EndGlobalSection
	GlobalSection(ExtensibilityGlobals) = postSolution
		SolutionGuid = {13927111-AA8A-4398-9DB2-A53E8DC2AC62}
	EndGlobalSection
EndGlobal
